
Microsoft Visual Studio Solution File, Format Version 12.00
# Visual Studio Version 17
VisualStudioVersion = 17.0.32126.317
MinimumVisualStudioVersion = 10.0.40219.1
Project("{9A19103F-16F7-4668-BE54-9A1E7A4F7556}") = "SequenceGenerator", "SequenceGenerator\SequenceGenerator.csproj", "{B96ABC8F-6ED0-4BA8-B816-2B12B77BDD4C}"
EndProject
Global
	GlobalSection(SolutionConfigurationPlatforms) = preSolution
		Debug|Any CPU = Debug|Any CPU
		Release|Any CPU = Release|Any CPU
	EndGlobalSection
	GlobalSection(ProjectConfigurationPlatforms) = postSolution
		{B96ABC8F-6ED0-4BA8-B816-2B12B77BDD4C}.Debug|Any CPU.ActiveCfg = Debug|Any CPU
		{B96ABC8F-6ED0-4BA8-B816-2B12B77BDD4C}.Debug|Any CPU.Build.0 = Debug|Any CPU
		{B96ABC8F-6ED0-4BA8-B816-2B12B77BDD4C}.Release|Any CPU.ActiveCfg = Release|Any CPU
		{B96ABC8F-6ED0-4BA8-B816-2B12B77BDD4C}.Release|Any CPU.Build.0 = Release|Any CPU
	EndGlobalSection
	GlobalSection(SolutionProperties) = preSolution
		HideSolutionNode = FALSE
	EndGlobalSection
	GlobalSection(ExtensibilityGlobals) = postSolution
		SolutionGuid = {26C08112-5538-458B-B553-9177139C5F5A}
	EndGlobalSection
EndGlobal
